
Microsoft Visual Studio Solution File, Format Version 12.00
# Visual Studio Version 17
VisualStudioVersion = 17.9.34616.47
MinimumVisualStudioVersion = 10.0.40219.1
Project("{9A19103F-16F7-4668-BE54-9A1E7A4F7556}") = "AutoRentProba", "AutoRentProba\AutoRentProba.csproj", "{9BF85089-E9DA-40B2-B92C-B75068CFDF32}"
EndProject
Project("{9A19103F-16F7-4668-BE54-9A1E7A4F7556}") = "CarRent.Data", "FoodOrder.Data\CarRent.Data.csproj", "{CD116318-7E76-4ADF-A146-CD83BA5F5BD9}"
EndProject
Global
	GlobalSection(SolutionConfigurationPlatforms) = preSolution
		Debug|Any CPU = Debug|Any CPU
		Release|Any CPU = Release|Any CPU
	EndGlobalSection
	GlobalSection(ProjectConfigurationPlatforms) = postSolution
		{9BF85089-E9DA-40B2-B92C-B75068CFDF32}.Debug|Any CPU.ActiveCfg = Debug|Any CPU
		{9BF85089-E9DA-40B2-B92C-B75068CFDF32}.Debug|Any CPU.Build.0 = Debug|Any CPU
		{9BF85089-E9DA-40B2-B92C-B75068CFDF32}.Release|Any CPU.ActiveCfg = Release|Any CPU
		{9BF85089-E9DA-40B2-B92C-B75068CFDF32}.Release|Any CPU.Build.0 = Release|Any CPU
		{CD116318-7E76-4ADF-A146-CD83BA5F5BD9}.Debug|Any CPU.ActiveCfg = Debug|Any CPU
		{CD116318-7E76-4ADF-A146-CD83BA5F5BD9}.Debug|Any CPU.Build.0 = Debug|Any CPU
		{CD116318-7E76-4ADF-A146-CD83BA5F5BD9}.Release|Any CPU.ActiveCfg = Release|Any CPU
		{CD116318-7E76-4ADF-A146-CD83BA5F5BD9}.Release|Any CPU.Build.0 = Release|Any CPU
	EndGlobalSection
	GlobalSection(SolutionProperties) = preSolution
		HideSolutionNode = FALSE
	EndGlobalSection
	GlobalSection(ExtensibilityGlobals) = postSolution
		SolutionGuid = {E9D119F2-0AD1-47D2-87F8-7069A3C34834}
	EndGlobalSection
EndGlobal
